
Microsoft Visual Studio Solution File, Format Version 12.00
# Visual Studio Version 16
VisualStudioVersion = 16.0.31605.320
MinimumVisualStudioVersion = 10.0.40219.1
Project("{FAE04EC0-301F-11D3-BF4B-00C04F79EFBC}") = "test", "test\test.csproj", "{EF626E32-515C-4111-810B-1677578F0844}"
EndProject
Global
	GlobalSection(SolutionConfigurationPlatforms) = preSolution
		Debug|Any CPU = Debug|Any CPU
		Release|Any CPU = Release|Any CPU
	EndGlobalSection
	GlobalSection(ProjectConfigurationPlatforms) = postSolution
		{EF626E32-515C-4111-810B-1677578F0844}.Debug|Any CPU.ActiveCfg = Debug|Any CPU
		{EF626E32-515C-4111-810B-1677578F0844}.Debug|Any CPU.Build.0 = Debug|Any CPU
		{EF626E32-515C-4111-810B-1677578F0844}.Release|Any CPU.ActiveCfg = Release|Any CPU
		{EF626E32-515C-4111-810B-1677578F0844}.Release|Any CPU.Build.0 = Release|Any CPU
	EndGlobalSection
	GlobalSection(SolutionProperties) = preSolution
		HideSolutionNode = FALSE
	EndGlobalSection
	GlobalSection(ExtensibilityGlobals) = postSolution
		SolutionGuid = {1A322FB4-6F89-444F-9611-CF13CF3ECFEA}
	EndGlobalSection
EndGlobal
